{
  "name": "openseadragon-fabricjs-overlay",
  "version": "0.2.4",
  "lockfileVersion": 1,
  "requires": true,
  "dependencies": {
    "fabric-webpack": {
      "version": "1.6.0-rc.1",
      "resolved": "https://registry.npmjs.org/fabric-webpack/-/fabric-webpack-1.6.0-rc.1.tgz",
      "integrity": "sha1-8VwbQxCK0+us9PAfRAEzhBoWNe8="
    },
    "openseadragon": {
      "version": "2.4.1",
      "resolved": "https://registry.npmjs.org/openseadragon/-/openseadragon-2.4.1.tgz",
      "integrity": "sha512-7fWUnCkGvWcnoRxqeXcg4bSLPApWbI0hHumEZF8K2pziMfPNjvvHL5XB4oQeT2XfrGKfaasVrPe2XqhAr5kogA=="
    }
  }
}
